// !$*UTF8*$!
{
	archiveVersion = 1;
	classes = {
	};
	objectVersion = 46;
	objects = {

/* Begin PBXBuildFile section */
		7E42A31B17AC9E3D006823C0 /* UIKit.framework in Frameworks */ = {isa = PBXBuildFile; fileRef = 7E42A31A17AC9E3D006823C0 /* UIKit.framework */; };
		7E42A31D17AC9E3D006823C0 /* Foundation.framework in Frameworks */ = {isa = PBXBuildFile; fileRef = 7E42A31C17AC9E3D006823C0 /* Foundation.framework */; };
		7E42A31F17AC9E3D006823C0 /* CoreGraphics.framework in Frameworks */ = {isa = PBXBuildFile; fileRef = 7E42A31E17AC9E3D006823C0 /* CoreGraphics.framework */; };
		7E42A32517AC9E3D006823C0 /* InfoPlist.strings in Resources */ = {isa = PBXBuildFile; fileRef = 7E42A32317AC9E3D006823C0 /* InfoPlist.strings */; };
		7E42A32717AC9E3D006823C0 /* main.m in Sources */ = {isa = PBXBuildFile; fileRef = 7E42A32617AC9E3D006823C0 /* main.m */; };
		7E42A32B17AC9E3D006823C0 /* RTAppDelegate.m in Sources */ = {isa = PBXBuildFile; fileRef = 7E42A32A17AC9E3D006823C0 /* RTAppDelegate.m */; };
		7E42A32D17AC9E3D006823C0 /* Default.png in Resources */ = {isa = PBXBuildFile; fileRef = 7E42A32C17AC9E3D006823C0 /* Default.png */; };
		7E42A32F17AC9E3D006823C0 /* Default@2x.png in Resources */ = {isa = PBXBuildFile; fileRef = 7E42A32E17AC9E3D006823C0 /* Default@2x.png */; };
		7E42A33117AC9E3D006823C0 /* Default-568h@2x.png in Resources */ = {isa = PBXBuildFile; fileRef = 7E42A33017AC9E3D006823C0 /* Default-568h@2x.png */; };
		7E42A33417AC9E3D006823C0 /* RTViewController.m in Sources */ = {isa = PBXBuildFile; fileRef = 7E42A33317AC9E3D006823C0 /* RTViewController.m */; };
		7E42A33717AC9E3E006823C0 /* RTViewController.xib in Resources */ = {isa = PBXBuildFile; fileRef = 7E42A33517AC9E3E006823C0 /* RTViewController.xib */; };
		7E42A34017ACA080006823C0 /* RTFollowCellArrowView.m in Sources */ = {isa = PBXBuildFile; fileRef = 7E42A33F17ACA080006823C0 /* RTFollowCellArrowView.m */; };
		7EE0D7D017AD43E400E35108 /* BaseFollowArrowCell.m in Sources */ = {isa = PBXBuildFile; fileRef = 7EE0D7CF17AD43E400E35108 /* BaseFollowArrowCell.m */; };
		7EE0D7D217AD440C00E35108 /* BaseFollowArrowCell.xib in Resources */ = {isa = PBXBuildFile; fileRef = 7EE0D7D117AD440B00E35108 /* BaseFollowArrowCell.xib */; };
		7EEAB4A017AE94E7007044F3 /* UITableViewCell+Create.m in Sources */ = {isa = PBXBuildFile; fileRef = 7EEAB49E17AE94E7007044F3 /* UITableViewCell+Create.m */; };
		7EEAB4A517AEA323007044F3 /* dishes_arrow.png in Resources */ = {isa = PBXBuildFile; fileRef = 7EEAB4A417AEA323007044F3 /* dishes_arrow.png */; };
/* End PBXBuildFile section */

/* Begin PBXFileReference section */
		7E42A31717AC9E3D006823C0 /* FollowCellArrow.app */ = {isa = PBXFileReference; explicitFileType = wrapper.application; includeInIndex = 0; path = FollowCellArrow.app; sourceTree = BUILT_PRODUCTS_DIR; };
		7E42A31A17AC9E3D006823C0 /* UIKit.framework */ = {isa = PBXFileReference; lastKnownFileType = wrapper.framework; name = UIKit.framework; path = System/Library/Frameworks/UIKit.framework; sourceTree = SDKROOT; };
		7E42A31C17AC9E3D006823C0 /* Foundation.framework */ = {isa = PBXFileReference; lastKnownFileType = wrapper.framework; name = Foundation.framework; path = System/Library/Frameworks/Foundation.framework; sourceTree = SDKROOT; };
		7E42A31E17AC9E3D006823C0 /* CoreGraphics.framework */ = {isa = PBXFileReference; lastKnownFileType = wrapper.framework; name = CoreGraphics.framework; path = System/Library/Frameworks/CoreGraphics.framework; sourceTree = SDKROOT; };
		7E42A32217AC9E3D006823C0 /* FollowCellArrow-Info.plist */ = {isa = PBXFileReference; lastKnownFileType = text.plist.xml; path = "FollowCellArrow-Info.plist"; sourceTree = "<group>"; };
		7E42A32417AC9E3D006823C0 /* en */ = {isa = PBXFileReference; lastKnownFileType = text.plist.strings; name = en; path = en.lproj/InfoPlist.strings; sourceTree = "<group>"; };
		7E42A32617AC9E3D006823C0 /* main.m */ = {isa = PBXFileReference; lastKnownFileType = sourcecode.c.objc; path = main.m; sourceTree = "<group>"; };
		7E42A32817AC9E3D006823C0 /* FollowCellArrow-Prefix.pch */ = {isa = PBXFileReference; lastKnownFileType = sourcecode.c.h; path = "FollowCellArrow-Prefix.pch"; sourceTree = "<group>"; };
		7E42A32917AC9E3D006823C0 /* RTAppDelegate.h */ = {isa = PBXFileReference; lastKnownFileType = sourcecode.c.h; path = RTAppDelegate.h; sourceTree = "<group>"; };
		7E42A32A17AC9E3D006823C0 /* RTAppDelegate.m */ = {isa = PBXFileReference; lastKnownFileType = sourcecode.c.objc; path = RTAppDelegate.m; sourceTree = "<group>"; };
		7E42A32C17AC9E3D006823C0 /* Default.png */ = {isa = PBXFileReference; lastKnownFileType = image.png; path = Default.png; sourceTree = "<group>"; };
		7E42A32E17AC9E3D006823C0 /* Default@2x.png */ = {isa = PBXFileReference; lastKnownFileType = image.png; path = "Default@2x.png"; sourceTree = "<group>"; };
		7E42A33017AC9E3D006823C0 /* Default-568h@2x.png */ = {isa = PBXFileReference; lastKnownFileType = image.png; path = "Default-568h@2x.png"; sourceTree = "<group>"; };
		7E42A33217AC9E3D006823C0 /* RTViewController.h */ = {isa = PBXFileReference; lastKnownFileType = sourcecode.c.h; path = RTViewController.h; sourceTree = "<group>"; };
		7E42A33317AC9E3D006823C0 /* RTViewController.m */ = {isa = PBXFileReference; lastKnownFileType = sourcecode.c.objc; path = RTViewController.m; sourceTree = "<group>"; };
		7E42A33617AC9E3E006823C0 /* en */ = {isa = PBXFileReference; lastKnownFileType = file.xib; name = en; path = en.lproj/RTViewController.xib; sourceTree = "<group>"; };
		7E42A33E17ACA080006823C0 /* RTFollowCellArrowView.h */ = {isa = PBXFileReference; fileEncoding = 4; lastKnownFileType = sourcecode.c.h; path = RTFollowCellArrowView.h; sourceTree = "<group>"; };
		7E42A33F17ACA080006823C0 /* RTFollowCellArrowView.m */ = {isa = PBXFileReference; fileEncoding = 4; lastKnownFileType = sourcecode.c.objc; path = RTFollowCellArrowView.m; sourceTree = "<group>"; };
		7EE0D7CE17AD43E400E35108 /* BaseFollowArrowCell.h */ = {isa = PBXFileReference; fileEncoding = 4; lastKnownFileType = sourcecode.c.h; path = BaseFollowArrowCell.h; sourceTree = "<group>"; };
		7EE0D7CF17AD43E400E35108 /* BaseFollowArrowCell.m */ = {isa = PBXFileReference; fileEncoding = 4; lastKnownFileType = sourcecode.c.objc; path = BaseFollowArrowCell.m; sourceTree = "<group>"; };
		7EE0D7D117AD440B00E35108 /* BaseFollowArrowCell.xib */ = {isa = PBXFileReference; fileEncoding = 4; lastKnownFileType = file.xib; path = BaseFollowArrowCell.xib; sourceTree = "<group>"; };
		7EEAB49D17AE94E6007044F3 /* UITableViewCell+Create.h */ = {isa = PBXFileReference; fileEncoding = 4; lastKnownFileType = sourcecode.c.h; path = "UITableViewCell+Create.h"; sourceTree = "<group>"; };
		7EEAB49E17AE94E7007044F3 /* UITableViewCell+Create.m */ = {isa = PBXFileReference; fileEncoding = 4; lastKnownFileType = sourcecode.c.objc; path = "UITableViewCell+Create.m"; sourceTree = "<group>"; };
		7EEAB4A417AEA323007044F3 /* dishes_arrow.png */ = {isa = PBXFileReference; lastKnownFileType = image.png; path = dishes_arrow.png; sourceTree = "<group>"; };
/* End PBXFileReference section */

/* Begin PBXFrameworksBuildPhase section */
		7E42A31417AC9E3D006823C0 /* Frameworks */ = {
			isa = PBXFrameworksBuildPhase;
			buildActionMask = 2147483647;
			files = (
				7E42A31B17AC9E3D006823C0 /* UIKit.framework in Frameworks */,
				7E42A31D17AC9E3D006823C0 /* Foundation.framework in Frameworks */,
				7E42A31F17AC9E3D006823C0 /* CoreGraphics.framework in Frameworks */,
			);
			runOnlyForDeploymentPostprocessing = 0;
		};
/* End PBXFrameworksBuildPhase section */

/* Begin PBXGroup section */
		7E42A30E17AC9E3D006823C0 = {
			isa = PBXGroup;
			children = (
				7E42A32017AC9E3D006823C0 /* FollowCellArrow */,
				7E42A31917AC9E3D006823C0 /* Frameworks */,
				7E42A31817AC9E3D006823C0 /* Products */,
			);
			sourceTree = "<group>";
		};
		7E42A31817AC9E3D006823C0 /* Products */ = {
			isa = PBXGroup;
			children = (
				7E42A31717AC9E3D006823C0 /* FollowCellArrow.app */,
			);
			name = Products;
			sourceTree = "<group>";
		};
		7E42A31917AC9E3D006823C0 /* Frameworks */ = {
			isa = PBXGroup;
			children = (
				7E42A31A17AC9E3D006823C0 /* UIKit.framework */,
				7E42A31C17AC9E3D006823C0 /* Foundation.framework */,
				7E42A31E17AC9E3D006823C0 /* CoreGraphics.framework */,
			);
			name = Frameworks;
			sourceTree = "<group>";
		};
		7E42A32017AC9E3D006823C0 /* FollowCellArrow */ = {
			isa = PBXGroup;
			children = (
				7E42A33D17ACA058006823C0 /* FollowCellArrow */,
				7E42A32917AC9E3D006823C0 /* RTAppDelegate.h */,
				7E42A32A17AC9E3D006823C0 /* RTAppDelegate.m */,
				7E42A33217AC9E3D006823C0 /* RTViewController.h */,
				7E42A33317AC9E3D006823C0 /* RTViewController.m */,
				7E42A33517AC9E3E006823C0 /* RTViewController.xib */,
				7EEAB49D17AE94E6007044F3 /* UITableViewCell+Create.h */,
				7EEAB49E17AE94E7007044F3 /* UITableViewCell+Create.m */,
				7E42A32117AC9E3D006823C0 /* Supporting Files */,
			);
			path = FollowCellArrow;
			sourceTree = "<group>";
		};
		7E42A32117AC9E3D006823C0 /* Supporting Files */ = {
			isa = PBXGroup;
			children = (
				7EEAB4A417AEA323007044F3 /* dishes_arrow.png */,
				7E42A32217AC9E3D006823C0 /* FollowCellArrow-Info.plist */,
				7E42A32317AC9E3D006823C0 /* InfoPlist.strings */,
				7E42A32617AC9E3D006823C0 /* main.m */,
				7E42A32817AC9E3D006823C0 /* FollowCellArrow-Prefix.pch */,
				7E42A32C17AC9E3D006823C0 /* Default.png */,
				7E42A32E17AC9E3D006823C0 /* Default@2x.png */,
				7E42A33017AC9E3D006823C0 /* Default-568h@2x.png */,
			);
			name = "Supporting Files";
			sourceTree = "<group>";
		};
		7E42A33D17ACA058006823C0 /* FollowCellArrow */ = {
			isa = PBXGroup;
			children = (
				7E42A33E17ACA080006823C0 /* RTFollowCellArrowView.h */,
				7E42A33F17ACA080006823C0 /* RTFollowCellArrowView.m */,
				7EE0D7CE17AD43E400E35108 /* BaseFollowArrowCell.h */,
				7EE0D7CF17AD43E400E35108 /* BaseFollowArrowCell.m */,
				7EE0D7D117AD440B00E35108 /* BaseFollowArrowCell.xib */,
			);
			name = FollowCellArrow;
			sourceTree = "<group>";
		};
/* End PBXGroup section */

/* Begin PBXNativeTarget section */
		7E42A31617AC9E3D006823C0 /* FollowCellArrow */ = {
			isa = PBXNativeTarget;
			buildConfigurationList = 7E42A33A17AC9E3E006823C0 /* Build configuration list for PBXNativeTarget "FollowCellArrow" */;
			buildPhases = (
				7E42A31317AC9E3D006823C0 /* Sources */,
				7E42A31417AC9E3D006823C0 /* Frameworks */,
				7E42A31517AC9E3D006823C0 /* Resources */,
			);
			buildRules = (
			);
			dependencies = (
			);
			name = FollowCellArrow;
			productName = FollowCellArrow;
			productReference = 7E42A31717AC9E3D006823C0 /* FollowCellArrow.app */;
			productType = "com.apple.product-type.application";
		};
/* End PBXNativeTarget section */

/* Begin PBXProject section */
		7E42A30F17AC9E3D006823C0 /* Project object */ = {
			isa = PBXProject;
			attributes = {
				CLASSPREFIX = RT;
				LastUpgradeCheck = 0460;
				ORGANIZATIONNAME = "唐 嘉宾";
			};
			buildConfigurationList = 7E42A31217AC9E3D006823C0 /* Build configuration list for PBXProject "FollowCellArrow" */;
			compatibilityVersion = "Xcode 3.2";
			developmentRegion = English;
			hasScannedForEncodings = 0;
			knownRegions = (
				en,
			);
			mainGroup = 7E42A30E17AC9E3D006823C0;
			productRefGroup = 7E42A31817AC9E3D006823C0 /* Products */;
			projectDirPath = "";
			projectRoot = "";
			targets = (
				7E42A31617AC9E3D006823C0 /* FollowCellArrow */,
			);
		};
/* End PBXProject section */

/* Begin PBXResourcesBuildPhase section */
		7E42A31517AC9E3D006823C0 /* Resources */ = {
			isa = PBXResourcesBuildPhase;
			buildActionMask = 2147483647;
			files = (
				7E42A32517AC9E3D006823C0 /* InfoPlist.strings in Resources */,
				7E42A32D17AC9E3D006823C0 /* Default.png in Resources */,
				7E42A32F17AC9E3D006823C0 /* Default@2x.png in Resources */,
				7E42A33117AC9E3D006823C0 /* Default-568h@2x.png in Resources */,
				7E42A33717AC9E3E006823C0 /* RTViewController.xib in Resources */,
				7EE0D7D217AD440C00E35108 /* BaseFollowArrowCell.xib in Resources */,
				7EEAB4A517AEA323007044F3 /* dishes_arrow.png in Resources */,
			);
			runOnlyForDeploymentPostprocessing = 0;
		};
/* End PBXResourcesBuildPhase section */

/* Begin PBXSourcesBuildPhase section */
		7E42A31317AC9E3D006823C0 /* Sources */ = {
			isa = PBXSourcesBuildPhase;
			buildActionMask = 2147483647;
			files = (
				7E42A32717AC9E3D006823C0 /* main.m in Sources */,
				7E42A32B17AC9E3D006823C0 /* RTAppDelegate.m in Sources */,
				7E42A33417AC9E3D006823C0 /* RTViewController.m in Sources */,
				7E42A34017ACA080006823C0 /* RTFollowCellArrowView.m in Sources */,
				7EE0D7D017AD43E400E35108 /* BaseFollowArrowCell.m in Sources */,
				7EEAB4A017AE94E7007044F3 /* UITableViewCell+Create.m in Sources */,
			);
			runOnlyForDeploymentPostprocessing = 0;
		};
/* End PBXSourcesBuildPhase section */

/* Begin PBXVariantGroup section */
		7E42A32317AC9E3D006823C0 /* InfoPlist.strings */ = {
			isa = PBXVariantGroup;
			children = (
				7E42A32417AC9E3D006823C0 /* en */,
			);
			name = InfoPlist.strings;
			sourceTree = "<group>";
		};
		7E42A33517AC9E3E006823C0 /* RTViewController.xib */ = {
			isa = PBXVariantGroup;
			children = (
				7E42A33617AC9E3E006823C0 /* en */,
			);
			name = RTViewController.xib;
			sourceTree = "<group>";
		};
/* End PBXVariantGroup section */

/* Begin XCBuildConfiguration section */
		7E42A33817AC9E3E006823C0 /* Debug */ = {
			isa = XCBuildConfiguration;
			buildSettings = {
				ALWAYS_SEARCH_USER_PATHS = NO;
				CLANG_CXX_LANGUAGE_STANDARD = "gnu++0x";
				CLANG_CXX_LIBRARY = "libc++";
				CLANG_ENABLE_OBJC_ARC = YES;
				CLANG_WARN_CONSTANT_CONVERSION = YES;
				CLANG_WARN_EMPTY_BODY = YES;
				CLANG_WARN_ENUM_CONVERSION = YES;
				CLANG_WARN_INT_CONVERSION = YES;
				CLANG_WARN__DUPLICATE_METHOD_MATCH = YES;
				"CODE_SIGN_IDENTITY[sdk=iphoneos*]" = "iPhone Developer";
				COPY_PHASE_STRIP = NO;
				GCC_C_LANGUAGE_STANDARD = gnu99;
				GCC_DYNAMIC_NO_PIC = NO;
				GCC_OPTIMIZATION_LEVEL = 0;
				GCC_PREPROCESSOR_DEFINITIONS = (
					"DEBUG=1",
					"$(inherited)",
				);
				GCC_SYMBOLS_PRIVATE_EXTERN = NO;
				GCC_WARN_ABOUT_RETURN_TYPE = YES;
				GCC_WARN_UNINITIALIZED_AUTOS = YES;
				GCC_WARN_UNUSED_VARIABLE = YES;
				IPHONEOS_DEPLOYMENT_TARGET = 6.1;
				ONLY_ACTIVE_ARCH = YES;
				SDKROOT = iphoneos;
			};
			name = Debug;
		};
		7E42A33917AC9E3E006823C0 /* Release */ = {
			isa = XCBuildConfiguration;
			buildSettings = {
				ALWAYS_SEARCH_USER_PATHS = NO;
				CLANG_CXX_LANGUAGE_STANDARD = "gnu++0x";
				CLANG_CXX_LIBRARY = "libc++";
				CLANG_ENABLE_OBJC_ARC = YES;
				CLANG_WARN_CONSTANT_CONVERSION = YES;
				CLANG_WARN_EMPTY_BODY = YES;
				CLANG_WARN_ENUM_CONVERSION = YES;
				CLANG_WARN_INT_CONVERSION = YES;
				CLANG_WARN__DUPLICATE_METHOD_MATCH = YES;
				"CODE_SIGN_IDENTITY[sdk=iphoneos*]" = "iPhone Developer";
				COPY_PHASE_STRIP = YES;
				GCC_C_LANGUAGE_STANDARD = gnu99;
				GCC_WARN_ABOUT_RETURN_TYPE = YES;
				GCC_WARN_UNINITIALIZED_AUTOS = YES;
				GCC_WARN_UNUSED_VARIABLE = YES;
				IPHONEOS_DEPLOYMENT_TARGET = 6.1;
				OTHER_CFLAGS = "-DNS_BLOCK_ASSERTIONS=1";
				SDKROOT = iphoneos;
				VALIDATE_PRODUCT = YES;
			};
			name = Release;
		};
		7E42A33B17AC9E3E006823C0 /* Debug */ = {
			isa = XCBuildConfiguration;
			buildSettings = {
				GCC_PRECOMPILE_PREFIX_HEADER = YES;
				GCC_PREFIX_HEADER = "FollowCellArrow/FollowCellArrow-Prefix.pch";
				INFOPLIST_FILE = "FollowCellArrow/FollowCellArrow-Info.plist";
				IPHONEOS_DEPLOYMENT_TARGET = 5.0;
				PRODUCT_NAME = "$(TARGET_NAME)";
				WRAPPER_EXTENSION = app;
			};
			name = Debug;
		};
		7E42A33C17AC9E3E006823C0 /* Release */ = {
			isa = XCBuildConfiguration;
			buildSettings = {
				GCC_PRECOMPILE_PREFIX_HEADER = YES;
				GCC_PREFIX_HEADER = "FollowCellArrow/FollowCellArrow-Prefix.pch";
				INFOPLIST_FILE = "FollowCellArrow/FollowCellArrow-Info.plist";
				IPHONEOS_DEPLOYMENT_TARGET = 5.0;
				PRODUCT_NAME = "$(TARGET_NAME)";
				WRAPPER_EXTENSION = app;
			};
			name = Release;
		};
/* End XCBuildConfiguration section */

/* Begin XCConfigurationList section */
		7E42A31217AC9E3D006823C0 /* Build configuration list for PBXProject "FollowCellArrow" */ = {
			isa = XCConfigurationList;
			buildConfigurations = (
				7E42A33817AC9E3E006823C0 /* Debug */,
				7E42A33917AC9E3E006823C0 /* Release */,
			);
			defaultConfigurationIsVisible = 0;
			defaultConfigurationName = Release;
		};
		7E42A33A17AC9E3E006823C0 /* Build configuration list for PBXNativeTarget "FollowCellArrow" */ = {
			isa = XCConfigurationList;
			buildConfigurations = (
				7E42A33B17AC9E3E006823C0 /* Debug */,
				7E42A33C17AC9E3E006823C0 /* Release */,
			);
			defaultConfigurationIsVisible = 0;
			defaultConfigurationName = Release;
		};
/* End XCConfigurationList section */
	};
	rootObject = 7E42A30F17AC9E3D006823C0 /* Project object */;
}
